
Microsoft Visual Studio Solution File, Format Version 12.00
# Visual Studio Version 17
VisualStudioVersion = 17.7.34003.232
MinimumVisualStudioVersion = 10.0.40219.1
Project("{FAE04EC0-301F-11D3-BF4B-00C04F79EFBC}") = "BlazorServer", "BlazorServer\BlazorServer.csproj", "{C449E0B4-DEA3-49C1-9D5F-DA5C03A3A92D}"
EndProject
Global
	GlobalSection(SolutionConfigurationPlatforms) = preSolution
		Debug|Any CPU = Debug|Any CPU
		Release|Any CPU = Release|Any CPU
	EndGlobalSection
	GlobalSection(ProjectConfigurationPlatforms) = postSolution
		{C449E0B4-DEA3-49C1-9D5F-DA5C03A3A92D}.Debug|Any CPU.ActiveCfg = Debug|Any CPU
		{C449E0B4-DEA3-49C1-9D5F-DA5C03A3A92D}.Debug|Any CPU.Build.0 = Debug|Any CPU
		{C449E0B4-DEA3-49C1-9D5F-DA5C03A3A92D}.Release|Any CPU.ActiveCfg = Release|Any CPU
		{C449E0B4-DEA3-49C1-9D5F-DA5C03A3A92D}.Release|Any CPU.Build.0 = Release|Any CPU
	EndGlobalSection
	GlobalSection(SolutionProperties) = preSolution
		HideSolutionNode = FALSE
	EndGlobalSection
	GlobalSection(ExtensibilityGlobals) = postSolution
		SolutionGuid = {29ED67A9-A3E3-4DD2-AD7F-BBDE2372BEC0}
	EndGlobalSection
EndGlobal
