
Microsoft Visual Studio Solution File, Format Version 12.00
# Visual Studio Version 17
VisualStudioVersion = 17.7.34003.232
MinimumVisualStudioVersion = 10.0.40219.1
Project("{FAE04EC0-301F-11D3-BF4B-00C04F79EFBC}") = "BlazorRadi", "BlazorRadi\BlazorRadi.csproj", "{ED0EC4B2-5809-4E0F-B5BF-2B0DBCF1A167}"
EndProject
Global
	GlobalSection(SolutionConfigurationPlatforms) = preSolution
		Debug|Any CPU = Debug|Any CPU
		Release|Any CPU = Release|Any CPU
	EndGlobalSection
	GlobalSection(ProjectConfigurationPlatforms) = postSolution
		{ED0EC4B2-5809-4E0F-B5BF-2B0DBCF1A167}.Debug|Any CPU.ActiveCfg = Debug|Any CPU
		{ED0EC4B2-5809-4E0F-B5BF-2B0DBCF1A167}.Debug|Any CPU.Build.0 = Debug|Any CPU
		{ED0EC4B2-5809-4E0F-B5BF-2B0DBCF1A167}.Release|Any CPU.ActiveCfg = Release|Any CPU
		{ED0EC4B2-5809-4E0F-B5BF-2B0DBCF1A167}.Release|Any CPU.Build.0 = Release|Any CPU
	EndGlobalSection
	GlobalSection(SolutionProperties) = preSolution
		HideSolutionNode = FALSE
	EndGlobalSection
	GlobalSection(ExtensibilityGlobals) = postSolution
		SolutionGuid = {EC44CF9B-24A6-4FE2-A234-3066C4D33A9C}
	EndGlobalSection
EndGlobal
